
Microsoft Visual Studio Solution File, Format Version 12.00
# Visual Studio Version 16
VisualStudioVersion = 16.0.30225.117
MinimumVisualStudioVersion = 10.0.40219.1
Project("{FAE04EC0-301F-11D3-BF4B-00C04F79EFBC}") = "Book-Shop", "Book-Shop\Book-Shop.csproj", "{DB7481E9-467B-4BC6-BC63-B52EEA9AD6E4}"
EndProject
Global
	GlobalSection(SolutionConfigurationPlatforms) = preSolution
		Debug|Any CPU = Debug|Any CPU
		Release|Any CPU = Release|Any CPU
	EndGlobalSection
	GlobalSection(ProjectConfigurationPlatforms) = postSolution
		{DB7481E9-467B-4BC6-BC63-B52EEA9AD6E4}.Debug|Any CPU.ActiveCfg = Debug|Any CPU
		{DB7481E9-467B-4BC6-BC63-B52EEA9AD6E4}.Debug|Any CPU.Build.0 = Debug|Any CPU
		{DB7481E9-467B-4BC6-BC63-B52EEA9AD6E4}.Release|Any CPU.ActiveCfg = Release|Any CPU
		{DB7481E9-467B-4BC6-BC63-B52EEA9AD6E4}.Release|Any CPU.Build.0 = Release|Any CPU
	EndGlobalSection
	GlobalSection(SolutionProperties) = preSolution
		HideSolutionNode = FALSE
	EndGlobalSection
	GlobalSection(ExtensibilityGlobals) = postSolution
		SolutionGuid = {067D535F-12A4-497E-9FDA-62D42BCC8614}
	EndGlobalSection
EndGlobal
